// !$*UTF8*$!
{
	archiveVersion = 1;
	classes = {
	};
	objectVersion = 55;
	objects = {

/* Begin PBXBuildFile section */
		442BC0C029047706009ECF16 /* MyTravelAppApp.swift in Sources */ = {isa = PBXBuildFile; fileRef = 442BC0BF29047706009ECF16 /* MyTravelAppApp.swift */; };
		442BC0C229047706009ECF16 /* ContentView.swift in Sources */ = {isa = PBXBuildFile; fileRef = 442BC0C129047706009ECF16 /* ContentView.swift */; };
		442BC0C429047707009ECF16 /* Assets.xcassets in Resources */ = {isa = PBXBuildFile; fileRef = 442BC0C329047707009ECF16 /* Assets.xcassets */; };
		442BC0C729047707009ECF16 /* Preview Assets.xcassets in Resources */ = {isa = PBXBuildFile; fileRef = 442BC0C629047707009ECF16 /* Preview Assets.xcassets */; };
		442BC0D029047BD2009ECF16 /* CreateAccount.swift in Sources */ = {isa = PBXBuildFile; fileRef = 442BC0CF29047BD2009ECF16 /* CreateAccount.swift */; };
		442BC0D329047FD8009ECF16 /* Button.swift in Sources */ = {isa = PBXBuildFile; fileRef = 442BC0D229047FD8009ECF16 /* Button.swift */; };
		442BC0D529048661009ECF16 /* Colors.xcassets in Resources */ = {isa = PBXBuildFile; fileRef = 442BC0D429048661009ECF16 /* Colors.xcassets */; };
		442BC0D7290559D1009ECF16 /* SignInView.swift in Sources */ = {isa = PBXBuildFile; fileRef = 442BC0D6290559D1009ECF16 /* SignInView.swift */; };
		442BC0D929056117009ECF16 /* HomeView.swift in Sources */ = {isa = PBXBuildFile; fileRef = 442BC0D829056117009ECF16 /* HomeView.swift */; };
		44ECBE6B2905C0C000FADA02 /* DestinationView.swift in Sources */ = {isa = PBXBuildFile; fileRef = 44ECBE6A2905C0C000FADA02 /* DestinationView.swift */; };
/* End PBXBuildFile section */

/* Begin PBXFileReference section */
		442BC0BC29047706009ECF16 /* MyTravelApp.app */ = {isa = PBXFileReference; explicitFileType = wrapper.application; includeInIndex = 0; path = MyTravelApp.app; sourceTree = BUILT_PRODUCTS_DIR; };
		442BC0BF29047706009ECF16 /* MyTravelAppApp.swift */ = {isa = PBXFileReference; lastKnownFileType = sourcecode.swift; path = MyTravelAppApp.swift; sourceTree = "<group>"; };
		442BC0C129047706009ECF16 /* ContentView.swift */ = {isa = PBXFileReference; lastKnownFileType = sourcecode.swift; path = ContentView.swift; sourceTree = "<group>"; };
		442BC0C329047707009ECF16 /* Assets.xcassets */ = {isa = PBXFileReference; lastKnownFileType = folder.assetcatalog; path = Assets.xcassets; sourceTree = "<group>"; };
		442BC0C629047707009ECF16 /* Preview Assets.xcassets */ = {isa = PBXFileReference; lastKnownFileType = folder.assetcatalog; path = "Preview Assets.xcassets"; sourceTree = "<group>"; };
		442BC0CF29047BD2009ECF16 /* CreateAccount.swift */ = {isa = PBXFileReference; lastKnownFileType = sourcecode.swift; path = CreateAccount.swift; sourceTree = "<group>"; };
		442BC0D229047FD8009ECF16 /* Button.swift */ = {isa = PBXFileReference; lastKnownFileType = sourcecode.swift; path = Button.swift; sourceTree = "<group>"; };
		442BC0D429048661009ECF16 /* Colors.xcassets */ = {isa = PBXFileReference; lastKnownFileType = folder.assetcatalog; path = Colors.xcassets; sourceTree = "<group>"; };
		442BC0D6290559D1009ECF16 /* SignInView.swift */ = {isa = PBXFileReference; lastKnownFileType = sourcecode.swift; path = SignInView.swift; sourceTree = "<group>"; };
		442BC0D829056117009ECF16 /* HomeView.swift */ = {isa = PBXFileReference; lastKnownFileType = sourcecode.swift; path = HomeView.swift; sourceTree = "<group>"; };
		44ECBE6A2905C0C000FADA02 /* DestinationView.swift */ = {isa = PBXFileReference; lastKnownFileType = sourcecode.swift; path = DestinationView.swift; sourceTree = "<group>"; };
/* End PBXFileReference section */

/* Begin PBXFrameworksBuildPhase section */
		442BC0B929047706009ECF16 /* Frameworks */ = {
			isa = PBXFrameworksBuildPhase;
			buildActionMask = 2147483647;
			files = (
			);
			runOnlyForDeploymentPostprocessing = 0;
		};
/* End PBXFrameworksBuildPhase section */

/* Begin PBXGroup section */
		442BC0B329047706009ECF16 = {
			isa = PBXGroup;
			children = (
				442BC0BE29047706009ECF16 /* MyTravelApp */,
				442BC0BD29047706009ECF16 /* Products */,
			);
			sourceTree = "<group>";
		};
		442BC0BD29047706009ECF16 /* Products */ = {
			isa = PBXGroup;
			children = (
				442BC0BC29047706009ECF16 /* MyTravelApp.app */,
			);
			name = Products;
			sourceTree = "<group>";
		};
		442BC0BE29047706009ECF16 /* MyTravelApp */ = {
			isa = PBXGroup;
			children = (
				442BC0D129047F7F009ECF16 /* Reusable */,
				442BC0CE29047759009ECF16 /* View */,
				442BC0CD2904771A009ECF16 /* Assets */,
				442BC0BF29047706009ECF16 /* MyTravelAppApp.swift */,
				442BC0C529047707009ECF16 /* Preview Content */,
			);
			path = MyTravelApp;
			sourceTree = "<group>";
		};
		442BC0C529047707009ECF16 /* Preview Content */ = {
			isa = PBXGroup;
			children = (
				442BC0C629047707009ECF16 /* Preview Assets.xcassets */,
			);
			path = "Preview Content";
			sourceTree = "<group>";
		};
		442BC0CD2904771A009ECF16 /* Assets */ = {
			isa = PBXGroup;
			children = (
				442BC0C329047707009ECF16 /* Assets.xcassets */,
				442BC0D429048661009ECF16 /* Colors.xcassets */,
			);
			path = Assets;
			sourceTree = "<group>";
		};
		442BC0CE29047759009ECF16 /* View */ = {
			isa = PBXGroup;
			children = (
				442BC0C129047706009ECF16 /* ContentView.swift */,
				442BC0CF29047BD2009ECF16 /* CreateAccount.swift */,
				442BC0D6290559D1009ECF16 /* SignInView.swift */,
				442BC0D829056117009ECF16 /* HomeView.swift */,
				44ECBE6A2905C0C000FADA02 /* DestinationView.swift */,
			);
			path = View;
			sourceTree = "<group>";
		};
		442BC0D129047F7F009ECF16 /* Reusable */ = {
			isa = PBXGroup;
			children = (
				442BC0D229047FD8009ECF16 /* Button.swift */,
			);
			path = Reusable;
			sourceTree = "<group>";
		};
/* End PBXGroup section */

/* Begin PBXNativeTarget section */
		442BC0BB29047706009ECF16 /* MyTravelApp */ = {
			isa = PBXNativeTarget;
			buildConfigurationList = 442BC0CA29047707009ECF16 /* Build configuration list for PBXNativeTarget "MyTravelApp" */;
			buildPhases = (
				442BC0B829047706009ECF16 /* Sources */,
				442BC0B929047706009ECF16 /* Frameworks */,
				442BC0BA29047706009ECF16 /* Resources */,
			);
			buildRules = (
			);
			dependencies = (
			);
			name = MyTravelApp;
			productName = MyTravelApp;
			productReference = 442BC0BC29047706009ECF16 /* MyTravelApp.app */;
			productType = "com.apple.product-type.application";
		};
/* End PBXNativeTarget section */

/* Begin PBXProject section */
		442BC0B429047706009ECF16 /* Project object */ = {
			isa = PBXProject;
			attributes = {
				BuildIndependentTargetsInParallel = 1;
				LastSwiftUpdateCheck = 1320;
				LastUpgradeCheck = 1320;
				TargetAttributes = {
					442BC0BB29047706009ECF16 = {
						CreatedOnToolsVersion = 13.2.1;
					};
				};
			};
			buildConfigurationList = 442BC0B729047706009ECF16 /* Build configuration list for PBXProject "MyTravelApp" */;
			compatibilityVersion = "Xcode 13.0";
			developmentRegion = en;
			hasScannedForEncodings = 0;
			knownRegions = (
				en,
				Base,
			);
			mainGroup = 442BC0B329047706009ECF16;
			productRefGroup = 442BC0BD29047706009ECF16 /* Products */;
			projectDirPath = "";
			projectRoot = "";
			targets = (
				442BC0BB29047706009ECF16 /* MyTravelApp */,
			);
		};
/* End PBXProject section */

/* Begin PBXResourcesBuildPhase section */
		442BC0BA29047706009ECF16 /* Resources */ = {
			isa = PBXResourcesBuildPhase;
			buildActionMask = 2147483647;
			files = (
				442BC0D529048661009ECF16 /* Colors.xcassets in Resources */,
				442BC0C729047707009ECF16 /* Preview Assets.xcassets in Resources */,
				442BC0C429047707009ECF16 /* Assets.xcassets in Resources */,
			);
			runOnlyForDeploymentPostprocessing = 0;
		};
/* End PBXResourcesBuildPhase section */

/* Begin PBXSourcesBuildPhase section */
		442BC0B829047706009ECF16 /* Sources */ = {
			isa = PBXSourcesBuildPhase;
			buildActionMask = 2147483647;
			files = (
				442BC0C229047706009ECF16 /* ContentView.swift in Sources */,
				44ECBE6B2905C0C000FADA02 /* DestinationView.swift in Sources */,
				442BC0D029047BD2009ECF16 /* CreateAccount.swift in Sources */,
				442BC0D329047FD8009ECF16 /* Button.swift in Sources */,
				442BC0D929056117009ECF16 /* HomeView.swift in Sources */,
				442BC0C029047706009ECF16 /* MyTravelAppApp.swift in Sources */,
				442BC0D7290559D1009ECF16 /* SignInView.swift in Sources */,
			);
			runOnlyForDeploymentPostprocessing = 0;
		};
/* End PBXSourcesBuildPhase section */

/* Begin XCBuildConfiguration section */
		442BC0C829047707009ECF16 /* Debug */ = {
			isa = XCBuildConfiguration;
			buildSettings = {
				ALWAYS_SEARCH_USER_PATHS = NO;
				CLANG_ANALYZER_NONNULL = YES;
				CLANG_ANALYZER_NUMBER_OBJECT_CONVERSION = YES_AGGRESSIVE;
				CLANG_CXX_LANGUAGE_STANDARD = "gnu++17";
				CLANG_CXX_LIBRARY = "libc++";
				CLANG_ENABLE_MODULES = YES;
				CLANG_ENABLE_OBJC_ARC = YES;
				CLANG_ENABLE_OBJC_WEAK = YES;
				CLANG_WARN_BLOCK_CAPTURE_AUTORELEASING = YES;
				CLANG_WARN_BOOL_CONVERSION = YES;
				CLANG_WARN_COMMA = YES;
				CLANG_WARN_CONSTANT_CONVERSION = YES;
				CLANG_WARN_DEPRECATED_OBJC_IMPLEMENTATIONS = YES;
				CLANG_WARN_DIRECT_OBJC_ISA_USAGE = YES_ERROR;
				CLANG_WARN_DOCUMENTATION_COMMENTS = YES;
				CLANG_WARN_EMPTY_BODY = YES;
				CLANG_WARN_ENUM_CONVERSION = YES;
				CLANG_WARN_INFINITE_RECURSION = YES;
				CLANG_WARN_INT_CONVERSION = YES;
				CLANG_WARN_NON_LITERAL_NULL_CONVERSION = YES;
				CLANG_WARN_OBJC_IMPLICIT_RETAIN_SELF = YES;
				CLANG_WARN_OBJC_LITERAL_CONVERSION = YES;
				CLANG_WARN_OBJC_ROOT_CLASS = YES_ERROR;
				CLANG_WARN_QUOTED_INCLUDE_IN_FRAMEWORK_HEADER = YES;
				CLANG_WARN_RANGE_LOOP_ANALYSIS = YES;
				CLANG_WARN_STRICT_PROTOTYPES = YES;
				CLANG_WARN_SUSPICIOUS_MOVE = YES;
				CLANG_WARN_UNGUARDED_AVAILABILITY = YES_AGGRESSIVE;
				CLANG_WARN_UNREACHABLE_CODE = YES;
				CLANG_WARN__DUPLICATE_METHOD_MATCH = YES;
				COPY_PHASE_STRIP = NO;
				DEBUG_INFORMATION_FORMAT = dwarf;
				ENABLE_STRICT_OBJC_MSGSEND = YES;
				ENABLE_TESTABILITY = YES;
				GCC_C_LANGUAGE_STANDARD = gnu11;
				GCC_DYNAMIC_NO_PIC = NO;
				GCC_NO_COMMON_BLOCKS = YES;
				GCC_OPTIMIZATION_LEVEL = 0;
				GCC_PREPROCESSOR_DEFINITIONS = (
					"DEBUG=1",
					"$(inherited)",
				);
				GCC_WARN_64_TO_32_BIT_CONVERSION = YES;
				GCC_WARN_ABOUT_RETURN_TYPE = YES_ERROR;
				GCC_WARN_UNDECLARED_SELECTOR = YES;
				GCC_WARN_UNINITIALIZED_AUTOS = YES_AGGRESSIVE;
				GCC_WARN_UNUSED_FUNCTION = YES;
				GCC_WARN_UNUSED_VARIABLE = YES;
				IPHONEOS_DEPLOYMENT_TARGET = 15.2;
				MTL_ENABLE_DEBUG_INFO = INCLUDE_SOURCE;
				MTL_FAST_MATH = YES;
				ONLY_ACTIVE_ARCH = YES;
				SDKROOT = iphoneos;
				SWIFT_ACTIVE_COMPILATION_CONDITIONS = DEBUG;
				SWIFT_OPTIMIZATION_LEVEL = "-Onone";
			};
			name = Debug;
		};
		442BC0C929047707009ECF16 /* Release */ = {
			isa = XCBuildConfiguration;
			buildSettings = {
				ALWAYS_SEARCH_USER_PATHS = NO;
				CLANG_ANALYZER_NONNULL = YES;
				CLANG_ANALYZER_NUMBER_OBJECT_CONVERSION = YES_AGGRESSIVE;
				CLANG_CXX_LANGUAGE_STANDARD = "gnu++17";
				CLANG_CXX_LIBRARY = "libc++";
				CLANG_ENABLE_MODULES = YES;
				CLANG_ENABLE_OBJC_ARC = YES;
				CLANG_ENABLE_OBJC_WEAK = YES;
				CLANG_WARN_BLOCK_CAPTURE_AUTORELEASING = YES;
				CLANG_WARN_BOOL_CONVERSION = YES;
				CLANG_WARN_COMMA = YES;
				CLANG_WARN_CONSTANT_CONVERSION = YES;
				CLANG_WARN_DEPRECATED_OBJC_IMPLEMENTATIONS = YES;
				CLANG_WARN_DIRECT_OBJC_ISA_USAGE = YES_ERROR;
				CLANG_WARN_DOCUMENTATION_COMMENTS = YES;
				CLANG_WARN_EMPTY_BODY = YES;
				CLANG_WARN_ENUM_CONVERSION = YES;
				CLANG_WARN_INFINITE_RECURSION = YES;
				CLANG_WARN_INT_CONVERSION = YES;
				CLANG_WARN_NON_LITERAL_NULL_CONVERSION = YES;
				CLANG_WARN_OBJC_IMPLICIT_RETAIN_SELF = YES;
				CLANG_WARN_OBJC_LITERAL_CONVERSION = YES;
				CLANG_WARN_OBJC_ROOT_CLASS = YES_ERROR;
				CLANG_WARN_QUOTED_INCLUDE_IN_FRAMEWORK_HEADER = YES;
				CLANG_WARN_RANGE_LOOP_ANALYSIS = YES;
				CLANG_WARN_STRICT_PROTOTYPES = YES;
				CLANG_WARN_SUSPICIOUS_MOVE = YES;
				CLANG_WARN_UNGUARDED_AVAILABILITY = YES_AGGRESSIVE;
				CLANG_WARN_UNREACHABLE_CODE = YES;
				CLANG_WARN__DUPLICATE_METHOD_MATCH = YES;
				COPY_PHASE_STRIP = NO;
				DEBUG_INFORMATION_FORMAT = "dwarf-with-dsym";
				ENABLE_NS_ASSERTIONS = NO;
				ENABLE_STRICT_OBJC_MSGSEND = YES;
				GCC_C_LANGUAGE_STANDARD = gnu11;
				GCC_NO_COMMON_BLOCKS = YES;
				GCC_WARN_64_TO_32_BIT_CONVERSION = YES;
				GCC_WARN_ABOUT_RETURN_TYPE = YES_ERROR;
				GCC_WARN_UNDECLARED_SELECTOR = YES;
				GCC_WARN_UNINITIALIZED_AUTOS = YES_AGGRESSIVE;
				GCC_WARN_UNUSED_FUNCTION = YES;
				GCC_WARN_UNUSED_VARIABLE = YES;
				IPHONEOS_DEPLOYMENT_TARGET = 15.2;
				MTL_ENABLE_DEBUG_INFO = NO;
				MTL_FAST_MATH = YES;
				SDKROOT = iphoneos;
				SWIFT_COMPILATION_MODE = wholemodule;
				SWIFT_OPTIMIZATION_LEVEL = "-O";
				VALIDATE_PRODUCT = YES;
			};
			name = Release;
		};
		442BC0CB29047707009ECF16 /* Debug */ = {
			isa = XCBuildConfiguration;
			buildSettings = {
				ASSETCATALOG_COMPILER_APPICON_NAME = AppIcon;
				ASSETCATALOG_COMPILER_GLOBAL_ACCENT_COLOR_NAME = AccentColor;
				CODE_SIGN_STYLE = Automatic;
				CURRENT_PROJECT_VERSION = 1;
				DEVELOPMENT_ASSET_PATHS = "\"MyTravelApp/Preview Content\"";
				DEVELOPMENT_TEAM = ZVDNGXRS5J;
				ENABLE_PREVIEWS = YES;
				GENERATE_INFOPLIST_FILE = YES;
				INFOPLIST_KEY_UIApplicationSceneManifest_Generation = YES;
				INFOPLIST_KEY_UIApplicationSupportsIndirectInputEvents = YES;
				INFOPLIST_KEY_UILaunchScreen_Generation = YES;
				INFOPLIST_KEY_UISupportedInterfaceOrientations = UIInterfaceOrientationPortrait;
				INFOPLIST_KEY_UISupportedInterfaceOrientations_iPad = "UIInterfaceOrientationPortrait UIInterfaceOrientationPortraitUpsideDown UIInterfaceOrientationLandscapeLeft UIInterfaceOrientationLandscapeRight";
				INFOPLIST_KEY_UISupportedInterfaceOrientations_iPhone = "UIInterfaceOrientationPortrait UIInterfaceOrientationLandscapeLeft UIInterfaceOrientationLandscapeRight";
				IPHONEOS_DEPLOYMENT_TARGET = 16.0;
				LD_RUNPATH_SEARCH_PATHS = (
					"$(inherited)",
					"@executable_path/Frameworks",
				);
				MARKETING_VERSION = 1.0;
				PRODUCT_BUNDLE_IDENTIFIER = "-23.MyTravelApp";
				PRODUCT_NAME = "$(TARGET_NAME)";
				SWIFT_EMIT_LOC_STRINGS = YES;
				SWIFT_VERSION = 5.0;
				TARGETED_DEVICE_FAMILY = "1,2";
			};
			name = Debug;
		};
		442BC0CC29047707009ECF16 /* Release */ = {
			isa = XCBuildConfiguration;
			buildSettings = {
				ASSETCATALOG_COMPILER_APPICON_NAME = AppIcon;
				ASSETCATALOG_COMPILER_GLOBAL_ACCENT_COLOR_NAME = AccentColor;
				CODE_SIGN_STYLE = Automatic;
				CURRENT_PROJECT_VERSION = 1;
				DEVELOPMENT_ASSET_PATHS = "\"MyTravelApp/Preview Content\"";
				DEVELOPMENT_TEAM = ZVDNGXRS5J;
				ENABLE_PREVIEWS = YES;
				GENERATE_INFOPLIST_FILE = YES;
				INFOPLIST_KEY_UIApplicationSceneManifest_Generation = YES;
				INFOPLIST_KEY_UIApplicationSupportsIndirectInputEvents = YES;
				INFOPLIST_KEY_UILaunchScreen_Generation = YES;
				INFOPLIST_KEY_UISupportedInterfaceOrientations = UIInterfaceOrientationPortrait;
				INFOPLIST_KEY_UISupportedInterfaceOrientations_iPad = "UIInterfaceOrientationPortrait UIInterfaceOrientationPortraitUpsideDown UIInterfaceOrientationLandscapeLeft UIInterfaceOrientationLandscapeRight";
				INFOPLIST_KEY_UISupportedInterfaceOrientations_iPhone = "UIInterfaceOrientationPortrait UIInterfaceOrientationLandscapeLeft UIInterfaceOrientationLandscapeRight";
				IPHONEOS_DEPLOYMENT_TARGET = 16.0;
				LD_RUNPATH_SEARCH_PATHS = (
					"$(inherited)",
					"@executable_path/Frameworks",
				);
				MARKETING_VERSION = 1.0;
				PRODUCT_BUNDLE_IDENTIFIER = "-23.MyTravelApp";
				PRODUCT_NAME = "$(TARGET_NAME)";
				SWIFT_EMIT_LOC_STRINGS = YES;
				SWIFT_VERSION = 5.0;
				TARGETED_DEVICE_FAMILY = "1,2";
			};
			name = Release;
		};
/* End XCBuildConfiguration section */

/* Begin XCConfigurationList section */
		442BC0B729047706009ECF16 /* Build configuration list for PBXProject "MyTravelApp" */ = {
			isa = XCConfigurationList;
			buildConfigurations = (
				442BC0C829047707009ECF16 /* Debug */,
				442BC0C929047707009ECF16 /* Release */,
			);
			defaultConfigurationIsVisible = 0;
			defaultConfigurationName = Release;
		};
		442BC0CA29047707009ECF16 /* Build configuration list for PBXNativeTarget "MyTravelApp" */ = {
			isa = XCConfigurationList;
			buildConfigurations = (
				442BC0CB29047707009ECF16 /* Debug */,
				442BC0CC29047707009ECF16 /* Release */,
			);
			defaultConfigurationIsVisible = 0;
			defaultConfigurationName = Release;
		};
/* End XCConfigurationList section */
	};
	rootObject = 442BC0B429047706009ECF16 /* Project object */;
}
